
Microsoft Visual Studio Solution File, Format Version 12.00
# Visual Studio 15
VisualStudioVersion = 15.0.28010.2036
MinimumVisualStudioVersion = 10.0.40219.1
Project("{FAE04EC0-301F-11D3-BF4B-00C04F79EFBC}") = "SlackUserBot", "SlackUserBot.csproj", "{BF6D7CD1-5095-4657-8433-1ACB3F22EAB5}"
EndProject
Global
	GlobalSection(SolutionConfigurationPlatforms) = preSolution
		Debug|Any CPU = Debug|Any CPU
		Release|Any CPU = Release|Any CPU
	EndGlobalSection
	GlobalSection(ProjectConfigurationPlatforms) = postSolution
		{BF6D7CD1-5095-4657-8433-1ACB3F22EAB5}.Debug|Any CPU.ActiveCfg = Debug|Any CPU
		{BF6D7CD1-5095-4657-8433-1ACB3F22EAB5}.Debug|Any CPU.Build.0 = Debug|Any CPU
		{BF6D7CD1-5095-4657-8433-1ACB3F22EAB5}.Release|Any CPU.ActiveCfg = Release|Any CPU
		{BF6D7CD1-5095-4657-8433-1ACB3F22EAB5}.Release|Any CPU.Build.0 = Release|Any CPU
	EndGlobalSection
	GlobalSection(SolutionProperties) = preSolution
		HideSolutionNode = FALSE
	EndGlobalSection
	GlobalSection(ExtensibilityGlobals) = postSolution
		SolutionGuid = {7C323B38-F50E-4268-B79F-5D80E283538B}
	EndGlobalSection
EndGlobal
